{
  "version": 4,
  "terraform_version": "1.8.5",
  "serial": 209,
  "lineage": "5716e212-054b-7148-ae1b-72a37b3a11dc",
  "outputs": {},
  "resources": [
    {
      "mode": "managed",
      "type": "keycloak_openid_client",
      "name": "clavis-backend",
      "provider": "provider[\"registry.terraform.io/mrparkers/keycloak\"]",
      "instances": [
        {
          "schema_version": 0,
          "attributes": {
            "access_token_lifespan": "",
            "access_type": "CONFIDENTIAL",
            "admin_url": "",
            "authentication_flow_binding_overrides": [],
            "authorization": [
              {
                "allow_remote_resource_management": false,
                "decision_strategy": "UNANIMOUS",
                "keep_defaults": false,
                "policy_enforcement_mode": "ENFORCING"
              }
            ],
            "backchannel_logout_revoke_offline_sessions": false,
            "backchannel_logout_session_required": true,
            "backchannel_logout_url": "",
            "base_url": "",
            "client_authenticator_type": "client-secret",
            "client_id": "clavis-backend",
            "client_offline_session_idle_timeout": "",
            "client_offline_session_max_lifespan": "",
            "client_secret": "clavis-backend",
            "client_session_idle_timeout": "",
            "client_session_max_lifespan": "",
            "consent_required": false,
            "consent_screen_text": "",
            "description": "",
            "direct_access_grants_enabled": false,
            "display_on_consent_screen": false,
            "enabled": true,
            "exclude_session_state_from_auth_response": null,
            "extra_config": null,
            "frontchannel_logout_enabled": false,
            "frontchannel_logout_url": "",
            "full_scope_allowed": true,
            "id": "9c287d5b-9fb8-4238-be1c-bcc842e8f487",
            "implicit_flow_enabled": false,
            "import": false,
            "login_theme": "",
            "name": "",
            "oauth2_device_authorization_grant_enabled": false,
            "oauth2_device_code_lifespan": "",
            "oauth2_device_polling_interval": "",
            "pkce_code_challenge_method": null,
            "realm_id": "clavis-admin",
            "resource_server_id": "9c287d5b-9fb8-4238-be1c-bcc842e8f487",
            "root_url": "",
            "service_account_user_id": "185b5144-7def-4658-9973-844a68c8056a",
            "service_accounts_enabled": true,
            "standard_flow_enabled": true,
            "use_refresh_tokens": true,
            "use_refresh_tokens_client_credentials": false,
            "valid_post_logout_redirect_uris": [],
            "valid_redirect_uris": [
              "http://localhost:8090/api/*"
            ],
            "web_origins": [
              "*"
            ]
          },
          "sensitive_attributes": [
            [
              {
                "type": "get_attr",
                "value": "client_secret"
              }
            ]
          ],
          "private": "bnVsbA==",
          "dependencies": [
            "keycloak_realm.clavis-admin-realm"
          ]
        }
      ]
    },
    {
      "mode": "managed",
      "type": "keycloak_openid_client",
      "name": "clavis-front",
      "provider": "provider[\"registry.terraform.io/mrparkers/keycloak\"]",
      "instances": [
        {
          "schema_version": 0,
          "attributes": {
            "access_token_lifespan": "",
            "access_type": "PUBLIC",
            "admin_url": "",
            "authentication_flow_binding_overrides": [],
            "authorization": [],
            "backchannel_logout_revoke_offline_sessions": false,
            "backchannel_logout_session_required": true,
            "backchannel_logout_url": "",
            "base_url": "",
            "client_authenticator_type": "client-secret",
            "client_id": "clavis-front",
            "client_offline_session_idle_timeout": "",
            "client_offline_session_max_lifespan": "",
            "client_secret": "clavis-front",
            "client_session_idle_timeout": "",
            "client_session_max_lifespan": "",
            "consent_required": false,
            "consent_screen_text": "",
            "description": "",
            "direct_access_grants_enabled": false,
            "display_on_consent_screen": false,
            "enabled": true,
            "exclude_session_state_from_auth_response": null,
            "extra_config": null,
            "frontchannel_logout_enabled": false,
            "frontchannel_logout_url": "",
            "full_scope_allowed": true,
            "id": "6bafbf53-36db-4eaa-9d0d-55c8d2ed8da3",
            "implicit_flow_enabled": false,
            "import": false,
            "login_theme": "",
            "name": "",
            "oauth2_device_authorization_grant_enabled": false,
            "oauth2_device_code_lifespan": "",
            "oauth2_device_polling_interval": "",
            "pkce_code_challenge_method": null,
            "realm_id": "clavis-admin",
            "resource_server_id": null,
            "root_url": "",
            "service_account_user_id": "",
            "service_accounts_enabled": false,
            "standard_flow_enabled": true,
            "use_refresh_tokens": true,
            "use_refresh_tokens_client_credentials": false,
            "valid_post_logout_redirect_uris": [],
            "valid_redirect_uris": [
              "http://localhost:4200/*"
            ],
            "web_origins": [
              "*"
            ]
          },
          "sensitive_attributes": [
            [
              {
                "type": "get_attr",
                "value": "client_secret"
              }
            ]
          ],
          "private": "bnVsbA==",
          "dependencies": [
            "keycloak_realm.clavis-admin-realm"
          ]
        }
      ]
    },
    {
      "mode": "managed",
      "type": "keycloak_openid_client_authorization_permission",
      "name": "all-endpoints",
      "provider": "provider[\"registry.terraform.io/mrparkers/keycloak\"]",
      "instances": [
        {
          "schema_version": 0,
          "attributes": {
            "decision_strategy": "UNANIMOUS",
            "description": "",
            "id": "82fbd92f-25ef-4712-b6ed-41ed6419127e",
            "name": "all-endpoints",
            "policies": [
              "9ffe314d-80c3-4394-8f0c-f95838ec4445"
            ],
            "realm_id": "clavis-admin",
            "resource_server_id": "9c287d5b-9fb8-4238-be1c-bcc842e8f487",
            "resource_type": "",
            "resources": [
              "45c82dce-5464-497e-8ed1-b6fa751c1dbe"
            ],
            "scopes": null,
            "type": "resource"
          },
          "sensitive_attributes": [],
          "private": "bnVsbA==",
          "dependencies": [
            "keycloak_openid_client.clavis-backend",
            "keycloak_openid_client_authorization_resource.all-endpoints",
            "keycloak_openid_client_role_policy.secure-all-endpoints",
            "keycloak_realm.clavis-admin-realm",
            "keycloak_role.clavis-backend-admin-role"
          ]
        }
      ]
    },
    {
      "mode": "managed",
      "type": "keycloak_openid_client_authorization_resource",
      "name": "all-endpoints",
      "provider": "provider[\"registry.terraform.io/mrparkers/keycloak\"]",
      "instances": [
        {
          "schema_version": 0,
          "attributes": {
            "attributes": null,
            "display_name": "",
            "icon_uri": "",
            "id": "45c82dce-5464-497e-8ed1-b6fa751c1dbe",
            "name": "all-endpoints",
            "owner_managed_access": false,
            "realm_id": "clavis-admin",
            "resource_server_id": "9c287d5b-9fb8-4238-be1c-bcc842e8f487",
            "scopes": null,
            "type": "",
            "uris": [
              "/*"
            ]
          },
          "sensitive_attributes": [],
          "private": "bnVsbA==",
          "dependencies": [
            "keycloak_openid_client.clavis-backend",
            "keycloak_realm.clavis-admin-realm"
          ]
        }
      ]
    },
    {
      "mode": "managed",
      "type": "keycloak_openid_client_role_policy",
      "name": "secure-all-endpoints",
      "provider": "provider[\"registry.terraform.io/mrparkers/keycloak\"]",
      "instances": [
        {
          "schema_version": 0,
          "attributes": {
            "decision_strategy": "UNANIMOUS",
            "description": "",
            "id": "9ffe314d-80c3-4394-8f0c-f95838ec4445",
            "logic": "POSITIVE",
            "name": "secure-all-endpoints",
            "realm_id": "clavis-admin",
            "resource_server_id": "9c287d5b-9fb8-4238-be1c-bcc842e8f487",
            "role": [
              {
                "id": "0ab24485-6127-455b-8f32-eaa4d0655df0",
                "required": false
              }
            ],
            "type": "role"
          },
          "sensitive_attributes": [],
          "private": "bnVsbA==",
          "dependencies": [
            "keycloak_openid_client.clavis-backend",
            "keycloak_realm.clavis-admin-realm",
            "keycloak_role.clavis-backend-admin-role"
          ]
        }
      ]
    },
    {
      "mode": "managed",
      "type": "keycloak_realm",
      "name": "clavis-admin-realm",
      "provider": "provider[\"registry.terraform.io/mrparkers/keycloak\"]",
      "instances": [
        {
          "schema_version": 0,
          "attributes": {
            "access_code_lifespan": "1m0s",
            "access_code_lifespan_login": "30m0s",
            "access_code_lifespan_user_action": "5m0s",
            "access_token_lifespan": "5m0s",
            "access_token_lifespan_for_implicit_flow": "15m0s",
            "account_theme": "",
            "action_token_generated_by_admin_lifespan": "12h0m0s",
            "action_token_generated_by_user_lifespan": "5m0s",
            "admin_theme": "",
            "attributes": null,
            "browser_flow": "browser",
            "client_authentication_flow": "clients",
            "client_session_idle_timeout": "0s",
            "client_session_max_lifespan": "0s",
            "default_default_client_scopes": null,
            "default_optional_client_scopes": null,
            "default_signature_algorithm": "",
            "direct_grant_flow": "direct grant",
            "display_name": "",
            "display_name_html": "",
            "docker_authentication_flow": "docker auth",
            "duplicate_emails_allowed": false,
            "edit_username_allowed": false,
            "email_theme": "",
            "enabled": true,
            "id": "clavis-admin",
            "internal_id": "clavis-admin",
            "internationalization": [],
            "login_theme": "",
            "login_with_email_allowed": false,
            "oauth2_device_code_lifespan": "10m0s",
            "oauth2_device_polling_interval": 5,
            "offline_session_idle_timeout": "720h0m0s",
            "offline_session_max_lifespan": "1440h0m0s",
            "offline_session_max_lifespan_enabled": false,
            "otp_policy": [
              {
                "algorithm": "HmacSHA1",
                "digits": 6,
                "initial_counter": 0,
                "look_ahead_window": 1,
                "period": 30,
                "type": "totp"
              }
            ],
            "password_policy": "",
            "realm": "clavis-admin",
            "refresh_token_max_reuse": 0,
            "registration_allowed": false,
            "registration_email_as_username": false,
            "registration_flow": "registration",
            "remember_me": false,
            "reset_credentials_flow": "reset credentials",
            "reset_password_allowed": false,
            "revoke_refresh_token": false,
            "security_defenses": [],
            "smtp_server": [],
            "ssl_required": "external",
            "sso_session_idle_timeout": "30m0s",
            "sso_session_idle_timeout_remember_me": "0s",
            "sso_session_max_lifespan": "10h0m0s",
            "sso_session_max_lifespan_remember_me": "0s",
            "user_managed_access": false,
            "verify_email": false,
            "web_authn_passwordless_policy": [
              {
                "acceptable_aaguids": [],
                "attestation_conveyance_preference": "not specified",
                "authenticator_attachment": "not specified",
                "avoid_same_authenticator_register": false,
                "create_timeout": 0,
                "relying_party_entity_name": "keycloak",
                "relying_party_id": "",
                "require_resident_key": "not specified",
                "signature_algorithms": [
                  "ES256"
                ],
                "user_verification_requirement": "not specified"
              }
            ],
            "web_authn_policy": [
              {
                "acceptable_aaguids": [],
                "attestation_conveyance_preference": "not specified",
                "authenticator_attachment": "not specified",
                "avoid_same_authenticator_register": false,
                "create_timeout": 0,
                "relying_party_entity_name": "keycloak",
                "relying_party_id": "",
                "require_resident_key": "not specified",
                "signature_algorithms": [
                  "ES256"
                ],
                "user_verification_requirement": "not specified"
              }
            ]
          },
          "sensitive_attributes": [],
          "private": "bnVsbA=="
        }
      ]
    },
    {
      "mode": "managed",
      "type": "keycloak_role",
      "name": "clavis-backend-admin-role",
      "provider": "provider[\"registry.terraform.io/mrparkers/keycloak\"]",
      "instances": [
        {
          "schema_version": 0,
          "attributes": {
            "attributes": null,
            "client_id": "",
            "composite_roles": null,
            "description": "",
            "id": "0ab24485-6127-455b-8f32-eaa4d0655df0",
            "name": "admin",
            "realm_id": "clavis-admin"
          },
          "sensitive_attributes": [],
          "private": "bnVsbA==",
          "dependencies": [
            "keycloak_realm.clavis-admin-realm"
          ]
        }
      ]
    },
    {
      "mode": "managed",
      "type": "keycloak_user",
      "name": "clavis-user",
      "provider": "provider[\"registry.terraform.io/mrparkers/keycloak\"]",
      "instances": [
        {
          "schema_version": 0,
          "attributes": {
            "attributes": null,
            "email": "clavis@email.com",
            "email_verified": true,
            "enabled": true,
            "federated_identity": [],
            "first_name": "",
            "id": "8bd40832-e23a-4324-b585-7b4a35f66ad5",
            "initial_password": [
              {
                "temporary": false,
                "value": "clavis"
              }
            ],
            "last_name": "",
            "realm_id": "clavis-admin",
            "required_actions": null,
            "username": "clavis"
          },
          "sensitive_attributes": [
            [
              {
                "type": "get_attr",
                "value": "initial_password"
              },
              {
                "type": "index",
                "value": {
                  "value": 0,
                  "type": "number"
                }
              },
              {
                "type": "get_attr",
                "value": "value"
              }
            ]
          ],
          "private": "bnVsbA==",
          "dependencies": [
            "keycloak_realm.clavis-admin-realm"
          ]
        }
      ]
    }
  ],
  "check_results": null
}
